
Microsoft Visual Studio Solution File, Format Version 12.00
# Visual Studio Version 17
VisualStudioVersion = 17.4.33403.182
MinimumVisualStudioVersion = 10.0.40219.1
Project("{9A19103F-16F7-4668-BE54-9A1E7A4F7556}") = "HomeWork_1", "HomeWork_1\HomeWork_1.csproj", "{ABCCD4C1-28B1-4BCE-93C6-7CFFFB76DACE}"
EndProject
Project("{9A19103F-16F7-4668-BE54-9A1E7A4F7556}") = "HomeWork_2", "HomeWork_2\HomeWork_2.csproj", "{10BCCAB6-17C7-4CE6-82B5-C25330ED82ED}"
EndProject
Project("{9A19103F-16F7-4668-BE54-9A1E7A4F7556}") = "HomeWork_5", "HomeWork_5\HomeWork_5.csproj", "{EC77ADFA-4A11-4796-A273-921E270BAEFF}"
EndProject
Project("{DAE04EC0-301F-11D3-BF4B-12C04F79EFBF}") = "HomeWork_3", "HomeWork_3\HomeWork_3.csproj", "{30BCCAB5-17C7-4CE6-82B5-C25330ED8234}"
EndProject
Project("{9A19103F-16F7-4668-BE54-9A1E7A4F7556}") = "HomeWork_6", "HomeWork_6\HomeWork_6.csproj", "{B4F56AAB-740C-4418-8742-539FF53D9238}"
EndProject
Project("{FAE04EC0-301F-11D3-BF4B-00C04F79EFBC}") = "Task3", "HomeWork_6\Task3\Task3.csproj", "{28B0EF21-90B7-45B5-A74C-BC7E71AD26DF}"
EndProject
Global
	GlobalSection(SolutionConfigurationPlatforms) = preSolution
		Debug|Any CPU = Debug|Any CPU
		Release|Any CPU = Release|Any CPU
	EndGlobalSection
	GlobalSection(ProjectConfigurationPlatforms) = postSolution
		{ABCCD4C1-28B1-4BCE-93C6-7CFFFB76DACE}.Debug|Any CPU.ActiveCfg = Debug|Any CPU
		{ABCCD4C1-28B1-4BCE-93C6-7CFFFB76DACE}.Debug|Any CPU.Build.0 = Debug|Any CPU
		{ABCCD4C1-28B1-4BCE-93C6-7CFFFB76DACE}.Release|Any CPU.ActiveCfg = Release|Any CPU
		{ABCCD4C1-28B1-4BCE-93C6-7CFFFB76DACE}.Release|Any CPU.Build.0 = Release|Any CPU
		{10BCCAB6-17C7-4CE6-82B5-C25330ED82ED}.Debug|Any CPU.ActiveCfg = Debug|Any CPU
		{10BCCAB6-17C7-4CE6-82B5-C25330ED82ED}.Debug|Any CPU.Build.0 = Debug|Any CPU
		{10BCCAB6-17C7-4CE6-82B5-C25330ED82ED}.Release|Any CPU.ActiveCfg = Release|Any CPU
		{10BCCAB6-17C7-4CE6-82B5-C25330ED82ED}.Release|Any CPU.Build.0 = Release|Any CPU
		{EC77ADFA-4A11-4796-A273-921E270BAEFF}.Debug|Any CPU.ActiveCfg = Debug|Any CPU
		{EC77ADFA-4A11-4796-A273-921E270BAEFF}.Debug|Any CPU.Build.0 = Debug|Any CPU
		{EC77ADFA-4A11-4796-A273-921E270BAEFF}.Release|Any CPU.ActiveCfg = Release|Any CPU
		{EC77ADFA-4A11-4796-A273-921E270BAEFF}.Release|Any CPU.Build.0 = Release|Any CPU
		{30BCCAB5-17C7-4CE6-82B5-C25330ED8234}.Debug|Any CPU.ActiveCfg = Debug|Any CPU
		{30BCCAB5-17C7-4CE6-82B5-C25330ED8234}.Debug|Any CPU.Build.0 = Debug|Any CPU
		{30BCCAB5-17C7-4CE6-82B5-C25330ED8234}.Release|Any CPU.ActiveCfg = Release|Any CPU
		{30BCCAB5-17C7-4CE6-82B5-C25330ED8234}.Release|Any CPU.Build.0 = Release|Any CPU
		{B4F56AAB-740C-4418-8742-539FF53D9238}.Debug|Any CPU.ActiveCfg = Debug|Any CPU
		{B4F56AAB-740C-4418-8742-539FF53D9238}.Debug|Any CPU.Build.0 = Debug|Any CPU
		{B4F56AAB-740C-4418-8742-539FF53D9238}.Release|Any CPU.ActiveCfg = Release|Any CPU
		{B4F56AAB-740C-4418-8742-539FF53D9238}.Release|Any CPU.Build.0 = Release|Any CPU
		{28B0EF21-90B7-45B5-A74C-BC7E71AD26DF}.Debug|Any CPU.ActiveCfg = Debug|Any CPU
		{28B0EF21-90B7-45B5-A74C-BC7E71AD26DF}.Debug|Any CPU.Build.0 = Debug|Any CPU
		{28B0EF21-90B7-45B5-A74C-BC7E71AD26DF}.Release|Any CPU.ActiveCfg = Release|Any CPU
		{28B0EF21-90B7-45B5-A74C-BC7E71AD26DF}.Release|Any CPU.Build.0 = Release|Any CPU
	EndGlobalSection
	GlobalSection(SolutionProperties) = preSolution
		HideSolutionNode = FALSE
	EndGlobalSection
	GlobalSection(ExtensibilityGlobals) = postSolution
		SolutionGuid = {2352A9B8-2556-4724-A5D2-23C13B8E27B4}
	EndGlobalSection
EndGlobal
